
Microsoft Visual Studio Solution File, Format Version 12.00
# Visual Studio Version 17
VisualStudioVersion = 17.0.31903.59
MinimumVisualStudioVersion = 10.0.40219.1
Project("{FAE04EC0-301F-11D3-BF4B-00C04F79EFBC}") = "MyNUnit", "MyNUnit\MyNUnit.csproj", "{6D908E3D-3D69-4287-B96C-FC6151E3DB72}"
EndProject
Project("{FAE04EC0-301F-11D3-BF4B-00C04F79EFBC}") = "MyNUnit.Tests", "MyNUnit.Tests\MyNUnit.Tests.csproj", "{3713A075-4E99-4CB4-A951-4995EB53C90C}"
EndProject
Global
	GlobalSection(SolutionConfigurationPlatforms) = preSolution
		Debug|Any CPU = Debug|Any CPU
		Release|Any CPU = Release|Any CPU
	EndGlobalSection
	GlobalSection(SolutionProperties) = preSolution
		HideSolutionNode = FALSE
	EndGlobalSection
	GlobalSection(ProjectConfigurationPlatforms) = postSolution
		{6D908E3D-3D69-4287-B96C-FC6151E3DB72}.Debug|Any CPU.ActiveCfg = Debug|Any CPU
		{6D908E3D-3D69-4287-B96C-FC6151E3DB72}.Debug|Any CPU.Build.0 = Debug|Any CPU
		{6D908E3D-3D69-4287-B96C-FC6151E3DB72}.Release|Any CPU.ActiveCfg = Release|Any CPU
		{6D908E3D-3D69-4287-B96C-FC6151E3DB72}.Release|Any CPU.Build.0 = Release|Any CPU
		{3713A075-4E99-4CB4-A951-4995EB53C90C}.Debug|Any CPU.ActiveCfg = Debug|Any CPU
		{3713A075-4E99-4CB4-A951-4995EB53C90C}.Debug|Any CPU.Build.0 = Debug|Any CPU
		{3713A075-4E99-4CB4-A951-4995EB53C90C}.Release|Any CPU.ActiveCfg = Release|Any CPU
		{3713A075-4E99-4CB4-A951-4995EB53C90C}.Release|Any CPU.Build.0 = Release|Any CPU
	EndGlobalSection
EndGlobal
